
Microsoft Visual Studio Solution File, Format Version 12.00
# Visual Studio 15
VisualStudioVersion = 15.0.27703.2047
MinimumVisualStudioVersion = 10.0.40219.1
Project("{FAE04EC0-301F-11D3-BF4B-00C04F79EFBC}") = "Sales.Android", "Sales\Sales.Android\Sales.Android.csproj", "{6BDE03AD-8117-48D1-9FB1-9485DE8A0C5F}"
EndProject
Project("{FAE04EC0-301F-11D3-BF4B-00C04F79EFBC}") = "Sales.iOS", "Sales\Sales.iOS\Sales.iOS.csproj", "{F12A44AA-E67A-41DC-921F-917A282A89DD}"
EndProject
Project("{FAE04EC0-301F-11D3-BF4B-00C04F79EFBC}") = "Sales.UWP", "Sales\Sales.UWP\Sales.UWP.csproj", "{87908FCE-DF9F-4F4B-969F-B5CEAE2C4863}"
EndProject
Project("{FAE04EC0-301F-11D3-BF4B-00C04F79EFBC}") = "Sales", "Sales\Sales\Sales.csproj", "{55D8E83A-5C6C-49ED-84DA-66583D0000C0}"
EndProject
Project("{FAE04EC0-301F-11D3-BF4B-00C04F79EFBC}") = "Sales.Backend", "Sales.Backend\Sales.Backend.csproj", "{38A391D1-144D-41BC-97FB-D12DDD5CC129}"
EndProject
Project("{FAE04EC0-301F-11D3-BF4B-00C04F79EFBC}") = "Sales.API", "Sales.API\Sales.API.csproj", "{64CF1945-435F-4454-ABDF-01AE50ABA3B1}"
EndProject
Project("{FAE04EC0-301F-11D3-BF4B-00C04F79EFBC}") = "Sales.Domain", "Sales.Domain\Sales.Domain.csproj", "{2446C83A-DBF2-40E4-A3D4-9493D6B9AE9E}"
EndProject
Project("{FAE04EC0-301F-11D3-BF4B-00C04F79EFBC}") = "Sales.Common", "Sales.Common\Sales.Common.csproj", "{66935C79-FD8F-40FF-BCFE-7FC12D191294}"
EndProject
Global
	GlobalSection(SolutionConfigurationPlatforms) = preSolution
		Ad-Hoc|Any CPU = Ad-Hoc|Any CPU
		Ad-Hoc|ARM = Ad-Hoc|ARM
		Ad-Hoc|iPhone = Ad-Hoc|iPhone
		Ad-Hoc|iPhoneSimulator = Ad-Hoc|iPhoneSimulator
		Ad-Hoc|x64 = Ad-Hoc|x64
		Ad-Hoc|x86 = Ad-Hoc|x86
		AppStore|Any CPU = AppStore|Any CPU
		AppStore|ARM = AppStore|ARM
		AppStore|iPhone = AppStore|iPhone
		AppStore|iPhoneSimulator = AppStore|iPhoneSimulator
		AppStore|x64 = AppStore|x64
		AppStore|x86 = AppStore|x86
		Debug|Any CPU = Debug|Any CPU
		Debug|ARM = Debug|ARM
		Debug|iPhone = Debug|iPhone
		Debug|iPhoneSimulator = Debug|iPhoneSimulator
		Debug|x64 = Debug|x64
		Debug|x86 = Debug|x86
		Release|Any CPU = Release|Any CPU
		Release|ARM = Release|ARM
		Release|iPhone = Release|iPhone
		Release|iPhoneSimulator = Release|iPhoneSimulator
		Release|x64 = Release|x64
		Release|x86 = Release|x86
	EndGlobalSection
	GlobalSection(ProjectConfigurationPlatforms) = postSolution
		{6BDE03AD-8117-48D1-9FB1-9485DE8A0C5F}.Ad-Hoc|Any CPU.ActiveCfg = Release|Any CPU
		{6BDE03AD-8117-48D1-9FB1-9485DE8A0C5F}.Ad-Hoc|Any CPU.Build.0 = Release|Any CPU
		{6BDE03AD-8117-48D1-9FB1-9485DE8A0C5F}.Ad-Hoc|Any CPU.Deploy.0 = Release|Any CPU
		{6BDE03AD-8117-48D1-9FB1-9485DE8A0C5F}.Ad-Hoc|ARM.ActiveCfg = Release|Any CPU
		{6BDE03AD-8117-48D1-9FB1-9485DE8A0C5F}.Ad-Hoc|ARM.Build.0 = Release|Any CPU
		{6BDE03AD-8117-48D1-9FB1-9485DE8A0C5F}.Ad-Hoc|ARM.Deploy.0 = Release|Any CPU
		{6BDE03AD-8117-48D1-9FB1-9485DE8A0C5F}.Ad-Hoc|iPhone.ActiveCfg = Release|Any CPU
		{6BDE03AD-8117-48D1-9FB1-9485DE8A0C5F}.Ad-Hoc|iPhone.Build.0 = Release|Any CPU
		{6BDE03AD-8117-48D1-9FB1-9485DE8A0C5F}.Ad-Hoc|iPhone.Deploy.0 = Release|Any CPU
		{6BDE03AD-8117-48D1-9FB1-9485DE8A0C5F}.Ad-Hoc|iPhoneSimulator.ActiveCfg = Release|Any CPU
		{6BDE03AD-8117-48D1-9FB1-9485DE8A0C5F}.Ad-Hoc|iPhoneSimulator.Build.0 = Release|Any CPU
		{6BDE03AD-8117-48D1-9FB1-9485DE8A0C5F}.Ad-Hoc|iPhoneSimulator.Deploy.0 = Release|Any CPU
		{6BDE03AD-8117-48D1-9FB1-9485DE8A0C5F}.Ad-Hoc|x64.ActiveCfg = Release|Any CPU
		{6BDE03AD-8117-48D1-9FB1-9485DE8A0C5F}.Ad-Hoc|x64.Build.0 = Release|Any CPU
		{6BDE03AD-8117-48D1-9FB1-9485DE8A0C5F}.Ad-Hoc|x64.Deploy.0 = Release|Any CPU
		{6BDE03AD-8117-48D1-9FB1-9485DE8A0C5F}.Ad-Hoc|x86.ActiveCfg = Release|Any CPU
		{6BDE03AD-8117-48D1-9FB1-9485DE8A0C5F}.Ad-Hoc|x86.Build.0 = Release|Any CPU
		{6BDE03AD-8117-48D1-9FB1-9485DE8A0C5F}.Ad-Hoc|x86.Deploy.0 = Release|Any CPU
		{6BDE03AD-8117-48D1-9FB1-9485DE8A0C5F}.AppStore|Any CPU.ActiveCfg = Release|Any CPU
		{6BDE03AD-8117-48D1-9FB1-9485DE8A0C5F}.AppStore|Any CPU.Build.0 = Release|Any CPU
		{6BDE03AD-8117-48D1-9FB1-9485DE8A0C5F}.AppStore|Any CPU.Deploy.0 = Release|Any CPU
		{6BDE03AD-8117-48D1-9FB1-9485DE8A0C5F}.AppStore|ARM.ActiveCfg = Release|Any CPU
		{6BDE03AD-8117-48D1-9FB1-9485DE8A0C5F}.AppStore|ARM.Build.0 = Release|Any CPU
		{6BDE03AD-8117-48D1-9FB1-9485DE8A0C5F}.AppStore|ARM.Deploy.0 = Release|Any CPU
		{6BDE03AD-8117-48D1-9FB1-9485DE8A0C5F}.AppStore|iPhone.ActiveCfg = Release|Any CPU
		{6BDE03AD-8117-48D1-9FB1-9485DE8A0C5F}.AppStore|iPhone.Build.0 = Release|Any CPU
		{6BDE03AD-8117-48D1-9FB1-9485DE8A0C5F}.AppStore|iPhone.Deploy.0 = Release|Any CPU
		{6BDE03AD-8117-48D1-9FB1-9485DE8A0C5F}.AppStore|iPhoneSimulator.ActiveCfg = Release|Any CPU
		{6BDE03AD-8117-48D1-9FB1-9485DE8A0C5F}.AppStore|iPhoneSimulator.Build.0 = Release|Any CPU
		{6BDE03AD-8117-48D1-9FB1-9485DE8A0C5F}.AppStore|iPhoneSimulator.Deploy.0 = Release|Any CPU
		{6BDE03AD-8117-48D1-9FB1-9485DE8A0C5F}.AppStore|x64.ActiveCfg = Release|Any CPU
		{6BDE03AD-8117-48D1-9FB1-9485DE8A0C5F}.AppStore|x64.Build.0 = Release|Any CPU
		{6BDE03AD-8117-48D1-9FB1-9485DE8A0C5F}.AppStore|x64.Deploy.0 = Release|Any CPU
		{6BDE03AD-8117-48D1-9FB1-9485DE8A0C5F}.AppStore|x86.ActiveCfg = Release|Any CPU
		{6BDE03AD-8117-48D1-9FB1-9485DE8A0C5F}.AppStore|x86.Build.0 = Release|Any CPU
		{6BDE03AD-8117-48D1-9FB1-9485DE8A0C5F}.AppStore|x86.Deploy.0 = Release|Any CPU
		{6BDE03AD-8117-48D1-9FB1-9485DE8A0C5F}.Debug|Any CPU.ActiveCfg = Debug|Any CPU
		{6BDE03AD-8117-48D1-9FB1-9485DE8A0C5F}.Debug|Any CPU.Build.0 = Debug|Any CPU
		{6BDE03AD-8117-48D1-9FB1-9485DE8A0C5F}.Debug|Any CPU.Deploy.0 = Debug|Any CPU
		{6BDE03AD-8117-48D1-9FB1-9485DE8A0C5F}.Debug|ARM.ActiveCfg = Debug|Any CPU
		{6BDE03AD-8117-48D1-9FB1-9485DE8A0C5F}.Debug|ARM.Build.0 = Debug|Any CPU
		{6BDE03AD-8117-48D1-9FB1-9485DE8A0C5F}.Debug|ARM.Deploy.0 = Debug|Any CPU
		{6BDE03AD-8117-48D1-9FB1-9485DE8A0C5F}.Debug|iPhone.ActiveCfg = Debug|Any CPU
		{6BDE03AD-8117-48D1-9FB1-9485DE8A0C5F}.Debug|iPhone.Build.0 = Debug|Any CPU
		{6BDE03AD-8117-48D1-9FB1-9485DE8A0C5F}.Debug|iPhone.Deploy.0 = Debug|Any CPU
		{6BDE03AD-8117-48D1-9FB1-9485DE8A0C5F}.Debug|iPhoneSimulator.ActiveCfg = Debug|Any CPU
		{6BDE03AD-8117-48D1-9FB1-9485DE8A0C5F}.Debug|iPhoneSimulator.Build.0 = Debug|Any CPU
		{6BDE03AD-8117-48D1-9FB1-9485DE8A0C5F}.Debug|iPhoneSimulator.Deploy.0 = Debug|Any CPU
		{6BDE03AD-8117-48D1-9FB1-9485DE8A0C5F}.Debug|x64.ActiveCfg = Debug|Any CPU
		{6BDE03AD-8117-48D1-9FB1-9485DE8A0C5F}.Debug|x64.Build.0 = Debug|Any CPU
		{6BDE03AD-8117-48D1-9FB1-9485DE8A0C5F}.Debug|x64.Deploy.0 = Debug|Any CPU
		{6BDE03AD-8117-48D1-9FB1-9485DE8A0C5F}.Debug|x86.ActiveCfg = Debug|Any CPU
		{6BDE03AD-8117-48D1-9FB1-9485DE8A0C5F}.Debug|x86.Build.0 = Debug|Any CPU
		{6BDE03AD-8117-48D1-9FB1-9485DE8A0C5F}.Debug|x86.Deploy.0 = Debug|Any CPU
		{6BDE03AD-8117-48D1-9FB1-9485DE8A0C5F}.Release|Any CPU.ActiveCfg = Release|Any CPU
		{6BDE03AD-8117-48D1-9FB1-9485DE8A0C5F}.Release|Any CPU.Build.0 = Release|Any CPU
		{6BDE03AD-8117-48D1-9FB1-9485DE8A0C5F}.Release|Any CPU.Deploy.0 = Release|Any CPU
		{6BDE03AD-8117-48D1-9FB1-9485DE8A0C5F}.Release|ARM.ActiveCfg = Release|Any CPU
		{6BDE03AD-8117-48D1-9FB1-9485DE8A0C5F}.Release|ARM.Build.0 = Release|Any CPU
		{6BDE03AD-8117-48D1-9FB1-9485DE8A0C5F}.Release|ARM.Deploy.0 = Release|Any CPU
		{6BDE03AD-8117-48D1-9FB1-9485DE8A0C5F}.Release|iPhone.ActiveCfg = Release|Any CPU
		{6BDE03AD-8117-48D1-9FB1-9485DE8A0C5F}.Release|iPhone.Build.0 = Release|Any CPU
		{6BDE03AD-8117-48D1-9FB1-9485DE8A0C5F}.Release|iPhone.Deploy.0 = Release|Any CPU
		{6BDE03AD-8117-48D1-9FB1-9485DE8A0C5F}.Release|iPhoneSimulator.ActiveCfg = Release|Any CPU
		{6BDE03AD-8117-48D1-9FB1-9485DE8A0C5F}.Release|iPhoneSimulator.Build.0 = Release|Any CPU
		{6BDE03AD-8117-48D1-9FB1-9485DE8A0C5F}.Release|iPhoneSimulator.Deploy.0 = Release|Any CPU
		{6BDE03AD-8117-48D1-9FB1-9485DE8A0C5F}.Release|x64.ActiveCfg = Release|Any CPU
		{6BDE03AD-8117-48D1-9FB1-9485DE8A0C5F}.Release|x64.Build.0 = Release|Any CPU
		{6BDE03AD-8117-48D1-9FB1-9485DE8A0C5F}.Release|x64.Deploy.0 = Release|Any CPU
		{6BDE03AD-8117-48D1-9FB1-9485DE8A0C5F}.Release|x86.ActiveCfg = Release|Any CPU
		{6BDE03AD-8117-48D1-9FB1-9485DE8A0C5F}.Release|x86.Build.0 = Release|Any CPU
		{6BDE03AD-8117-48D1-9FB1-9485DE8A0C5F}.Release|x86.Deploy.0 = Release|Any CPU
		{F12A44AA-E67A-41DC-921F-917A282A89DD}.Ad-Hoc|Any CPU.ActiveCfg = Ad-Hoc|iPhone
		{F12A44AA-E67A-41DC-921F-917A282A89DD}.Ad-Hoc|Any CPU.Build.0 = Ad-Hoc|iPhone
		{F12A44AA-E67A-41DC-921F-917A282A89DD}.Ad-Hoc|Any CPU.Deploy.0 = Ad-Hoc|iPhone
		{F12A44AA-E67A-41DC-921F-917A282A89DD}.Ad-Hoc|ARM.ActiveCfg = Ad-Hoc|iPhone
		{F12A44AA-E67A-41DC-921F-917A282A89DD}.Ad-Hoc|ARM.Build.0 = Ad-Hoc|iPhone
		{F12A44AA-E67A-41DC-921F-917A282A89DD}.Ad-Hoc|ARM.Deploy.0 = Ad-Hoc|iPhone
		{F12A44AA-E67A-41DC-921F-917A282A89DD}.Ad-Hoc|iPhone.ActiveCfg = Ad-Hoc|iPhone
		{F12A44AA-E67A-41DC-921F-917A282A89DD}.Ad-Hoc|iPhone.Build.0 = Ad-Hoc|iPhone
		{F12A44AA-E67A-41DC-921F-917A282A89DD}.Ad-Hoc|iPhone.Deploy.0 = Ad-Hoc|iPhone
		{F12A44AA-E67A-41DC-921F-917A282A89DD}.Ad-Hoc|iPhoneSimulator.ActiveCfg = Ad-Hoc|iPhoneSimulator
		{F12A44AA-E67A-41DC-921F-917A282A89DD}.Ad-Hoc|iPhoneSimulator.Build.0 = Ad-Hoc|iPhoneSimulator
		{F12A44AA-E67A-41DC-921F-917A282A89DD}.Ad-Hoc|iPhoneSimulator.Deploy.0 = Ad-Hoc|iPhoneSimulator
		{F12A44AA-E67A-41DC-921F-917A282A89DD}.Ad-Hoc|x64.ActiveCfg = Ad-Hoc|iPhone
		{F12A44AA-E67A-41DC-921F-917A282A89DD}.Ad-Hoc|x64.Build.0 = Ad-Hoc|iPhone
		{F12A44AA-E67A-41DC-921F-917A282A89DD}.Ad-Hoc|x64.Deploy.0 = Ad-Hoc|iPhone
		{F12A44AA-E67A-41DC-921F-917A282A89DD}.Ad-Hoc|x86.ActiveCfg = Ad-Hoc|iPhone
		{F12A44AA-E67A-41DC-921F-917A282A89DD}.Ad-Hoc|x86.Build.0 = Ad-Hoc|iPhone
		{F12A44AA-E67A-41DC-921F-917A282A89DD}.Ad-Hoc|x86.Deploy.0 = Ad-Hoc|iPhone
		{F12A44AA-E67A-41DC-921F-917A282A89DD}.AppStore|Any CPU.ActiveCfg = AppStore|iPhone
		{F12A44AA-E67A-41DC-921F-917A282A89DD}.AppStore|Any CPU.Build.0 = AppStore|iPhone
		{F12A44AA-E67A-41DC-921F-917A282A89DD}.AppStore|Any CPU.Deploy.0 = AppStore|iPhone
		{F12A44AA-E67A-41DC-921F-917A282A89DD}.AppStore|ARM.ActiveCfg = AppStore|iPhone
		{F12A44AA-E67A-41DC-921F-917A282A89DD}.AppStore|ARM.Build.0 = AppStore|iPhone
		{F12A44AA-E67A-41DC-921F-917A282A89DD}.AppStore|ARM.Deploy.0 = AppStore|iPhone
		{F12A44AA-E67A-41DC-921F-917A282A89DD}.AppStore|iPhone.ActiveCfg = AppStore|iPhone
		{F12A44AA-E67A-41DC-921F-917A282A89DD}.AppStore|iPhone.Build.0 = AppStore|iPhone
		{F12A44AA-E67A-41DC-921F-917A282A89DD}.AppStore|iPhone.Deploy.0 = AppStore|iPhone
		{F12A44AA-E67A-41DC-921F-917A282A89DD}.AppStore|iPhoneSimulator.ActiveCfg = AppStore|iPhoneSimulator
		{F12A44AA-E67A-41DC-921F-917A282A89DD}.AppStore|iPhoneSimulator.Build.0 = AppStore|iPhoneSimulator
		{F12A44AA-E67A-41DC-921F-917A282A89DD}.AppStore|iPhoneSimulator.Deploy.0 = AppStore|iPhoneSimulator
		{F12A44AA-E67A-41DC-921F-917A282A89DD}.AppStore|x64.ActiveCfg = AppStore|iPhone
		{F12A44AA-E67A-41DC-921F-917A282A89DD}.AppStore|x64.Build.0 = AppStore|iPhone
		{F12A44AA-E67A-41DC-921F-917A282A89DD}.AppStore|x64.Deploy.0 = AppStore|iPhone
		{F12A44AA-E67A-41DC-921F-917A282A89DD}.AppStore|x86.ActiveCfg = AppStore|iPhone
		{F12A44AA-E67A-41DC-921F-917A282A89DD}.AppStore|x86.Build.0 = AppStore|iPhone
		{F12A44AA-E67A-41DC-921F-917A282A89DD}.AppStore|x86.Deploy.0 = AppStore|iPhone
		{F12A44AA-E67A-41DC-921F-917A282A89DD}.Debug|Any CPU.ActiveCfg = Debug|iPhoneSimulator
		{F12A44AA-E67A-41DC-921F-917A282A89DD}.Debug|Any CPU.Build.0 = Debug|iPhoneSimulator
		{F12A44AA-E67A-41DC-921F-917A282A89DD}.Debug|Any CPU.Deploy.0 = Debug|iPhoneSimulator
		{F12A44AA-E67A-41DC-921F-917A282A89DD}.Debug|ARM.ActiveCfg = Debug|iPhone
		{F12A44AA-E67A-41DC-921F-917A282A89DD}.Debug|ARM.Build.0 = Debug|iPhone
		{F12A44AA-E67A-41DC-921F-917A282A89DD}.Debug|ARM.Deploy.0 = Debug|iPhone
		{F12A44AA-E67A-41DC-921F-917A282A89DD}.Debug|iPhone.ActiveCfg = Debug|iPhone
		{F12A44AA-E67A-41DC-921F-917A282A89DD}.Debug|iPhone.Build.0 = Debug|iPhone
		{F12A44AA-E67A-41DC-921F-917A282A89DD}.Debug|iPhone.Deploy.0 = Debug|iPhone
		{F12A44AA-E67A-41DC-921F-917A282A89DD}.Debug|iPhoneSimulator.ActiveCfg = Debug|iPhoneSimulator
		{F12A44AA-E67A-41DC-921F-917A282A89DD}.Debug|iPhoneSimulator.Build.0 = Debug|iPhoneSimulator
		{F12A44AA-E67A-41DC-921F-917A282A89DD}.Debug|iPhoneSimulator.Deploy.0 = Debug|iPhoneSimulator
		{F12A44AA-E67A-41DC-921F-917A282A89DD}.Debug|x64.ActiveCfg = Debug|iPhone
		{F12A44AA-E67A-41DC-921F-917A282A89DD}.Debug|x64.Build.0 = Debug|iPhone
		{F12A44AA-E67A-41DC-921F-917A282A89DD}.Debug|x64.Deploy.0 = Debug|iPhone
		{F12A44AA-E67A-41DC-921F-917A282A89DD}.Debug|x86.ActiveCfg = Debug|iPhone
		{F12A44AA-E67A-41DC-921F-917A282A89DD}.Debug|x86.Build.0 = Debug|iPhone
		{F12A44AA-E67A-41DC-921F-917A282A89DD}.Debug|x86.Deploy.0 = Debug|iPhone
		{F12A44AA-E67A-41DC-921F-917A282A89DD}.Release|Any CPU.ActiveCfg = Release|iPhone
		{F12A44AA-E67A-41DC-921F-917A282A89DD}.Release|Any CPU.Build.0 = Release|iPhone
		{F12A44AA-E67A-41DC-921F-917A282A89DD}.Release|Any CPU.Deploy.0 = Release|iPhone
		{F12A44AA-E67A-41DC-921F-917A282A89DD}.Release|ARM.ActiveCfg = Release|iPhone
		{F12A44AA-E67A-41DC-921F-917A282A89DD}.Release|ARM.Build.0 = Release|iPhone
		{F12A44AA-E67A-41DC-921F-917A282A89DD}.Release|ARM.Deploy.0 = Release|iPhone
		{F12A44AA-E67A-41DC-921F-917A282A89DD}.Release|iPhone.ActiveCfg = Release|iPhone
		{F12A44AA-E67A-41DC-921F-917A282A89DD}.Release|iPhone.Build.0 = Release|iPhone
		{F12A44AA-E67A-41DC-921F-917A282A89DD}.Release|iPhone.Deploy.0 = Release|iPhone
		{F12A44AA-E67A-41DC-921F-917A282A89DD}.Release|iPhoneSimulator.ActiveCfg = Release|iPhoneSimulator
		{F12A44AA-E67A-41DC-921F-917A282A89DD}.Release|iPhoneSimulator.Build.0 = Release|iPhoneSimulator
		{F12A44AA-E67A-41DC-921F-917A282A89DD}.Release|iPhoneSimulator.Deploy.0 = Release|iPhoneSimulator
		{F12A44AA-E67A-41DC-921F-917A282A89DD}.Release|x64.ActiveCfg = Release|iPhone
		{F12A44AA-E67A-41DC-921F-917A282A89DD}.Release|x64.Build.0 = Release|iPhone
		{F12A44AA-E67A-41DC-921F-917A282A89DD}.Release|x64.Deploy.0 = Release|iPhone
		{F12A44AA-E67A-41DC-921F-917A282A89DD}.Release|x86.ActiveCfg = Release|iPhone
		{F12A44AA-E67A-41DC-921F-917A282A89DD}.Release|x86.Build.0 = Release|iPhone
		{F12A44AA-E67A-41DC-921F-917A282A89DD}.Release|x86.Deploy.0 = Release|iPhone
		{87908FCE-DF9F-4F4B-969F-B5CEAE2C4863}.Ad-Hoc|Any CPU.ActiveCfg = Release|x86
		{87908FCE-DF9F-4F4B-969F-B5CEAE2C4863}.Ad-Hoc|Any CPU.Build.0 = Release|x86
		{87908FCE-DF9F-4F4B-969F-B5CEAE2C4863}.Ad-Hoc|Any CPU.Deploy.0 = Release|x86
		{87908FCE-DF9F-4F4B-969F-B5CEAE2C4863}.Ad-Hoc|ARM.ActiveCfg = Release|ARM
		{87908FCE-DF9F-4F4B-969F-B5CEAE2C4863}.Ad-Hoc|ARM.Build.0 = Release|ARM
		{87908FCE-DF9F-4F4B-969F-B5CEAE2C4863}.Ad-Hoc|ARM.Deploy.0 = Release|ARM
		{87908FCE-DF9F-4F4B-969F-B5CEAE2C4863}.Ad-Hoc|iPhone.ActiveCfg = Release|x86
		{87908FCE-DF9F-4F4B-969F-B5CEAE2C4863}.Ad-Hoc|iPhone.Build.0 = Release|x86
		{87908FCE-DF9F-4F4B-969F-B5CEAE2C4863}.Ad-Hoc|iPhone.Deploy.0 = Release|x86
		{87908FCE-DF9F-4F4B-969F-B5CEAE2C4863}.Ad-Hoc|iPhoneSimulator.ActiveCfg = Release|x86
		{87908FCE-DF9F-4F4B-969F-B5CEAE2C4863}.Ad-Hoc|iPhoneSimulator.Build.0 = Release|x86
		{87908FCE-DF9F-4F4B-969F-B5CEAE2C4863}.Ad-Hoc|iPhoneSimulator.Deploy.0 = Release|x86
		{87908FCE-DF9F-4F4B-969F-B5CEAE2C4863}.Ad-Hoc|x64.ActiveCfg = Release|x64
		{87908FCE-DF9F-4F4B-969F-B5CEAE2C4863}.Ad-Hoc|x64.Build.0 = Release|x64
		{87908FCE-DF9F-4F4B-969F-B5CEAE2C4863}.Ad-Hoc|x64.Deploy.0 = Release|x64
		{87908FCE-DF9F-4F4B-969F-B5CEAE2C4863}.Ad-Hoc|x86.ActiveCfg = Release|x86
		{87908FCE-DF9F-4F4B-969F-B5CEAE2C4863}.Ad-Hoc|x86.Build.0 = Release|x86
		{87908FCE-DF9F-4F4B-969F-B5CEAE2C4863}.Ad-Hoc|x86.Deploy.0 = Release|x86
		{87908FCE-DF9F-4F4B-969F-B5CEAE2C4863}.AppStore|Any CPU.ActiveCfg = Release|x86
		{87908FCE-DF9F-4F4B-969F-B5CEAE2C4863}.AppStore|Any CPU.Build.0 = Release|x86
		{87908FCE-DF9F-4F4B-969F-B5CEAE2C4863}.AppStore|Any CPU.Deploy.0 = Release|x86
		{87908FCE-DF9F-4F4B-969F-B5CEAE2C4863}.AppStore|ARM.ActiveCfg = Release|ARM
		{87908FCE-DF9F-4F4B-969F-B5CEAE2C4863}.AppStore|ARM.Build.0 = Release|ARM
		{87908FCE-DF9F-4F4B-969F-B5CEAE2C4863}.AppStore|ARM.Deploy.0 = Release|ARM
		{87908FCE-DF9F-4F4B-969F-B5CEAE2C4863}.AppStore|iPhone.ActiveCfg = Release|x86
		{87908FCE-DF9F-4F4B-969F-B5CEAE2C4863}.AppStore|iPhone.Build.0 = Release|x86
		{87908FCE-DF9F-4F4B-969F-B5CEAE2C4863}.AppStore|iPhone.Deploy.0 = Release|x86
		{87908FCE-DF9F-4F4B-969F-B5CEAE2C4863}.AppStore|iPhoneSimulator.ActiveCfg = Release|x86
		{87908FCE-DF9F-4F4B-969F-B5CEAE2C4863}.AppStore|iPhoneSimulator.Build.0 = Release|x86
		{87908FCE-DF9F-4F4B-969F-B5CEAE2C4863}.AppStore|iPhoneSimulator.Deploy.0 = Release|x86
		{87908FCE-DF9F-4F4B-969F-B5CEAE2C4863}.AppStore|x64.ActiveCfg = Release|x64
		{87908FCE-DF9F-4F4B-969F-B5CEAE2C4863}.AppStore|x64.Build.0 = Release|x64
		{87908FCE-DF9F-4F4B-969F-B5CEAE2C4863}.AppStore|x64.Deploy.0 = Release|x64
		{87908FCE-DF9F-4F4B-969F-B5CEAE2C4863}.AppStore|x86.ActiveCfg = Release|x86
		{87908FCE-DF9F-4F4B-969F-B5CEAE2C4863}.AppStore|x86.Build.0 = Release|x86
		{87908FCE-DF9F-4F4B-969F-B5CEAE2C4863}.AppStore|x86.Deploy.0 = Release|x86
		{87908FCE-DF9F-4F4B-969F-B5CEAE2C4863}.Debug|Any CPU.ActiveCfg = Debug|x86
		{87908FCE-DF9F-4F4B-969F-B5CEAE2C4863}.Debug|Any CPU.Build.0 = Debug|x86
		{87908FCE-DF9F-4F4B-969F-B5CEAE2C4863}.Debug|Any CPU.Deploy.0 = Debug|x86
		{87908FCE-DF9F-4F4B-969F-B5CEAE2C4863}.Debug|ARM.ActiveCfg = Debug|ARM
		{87908FCE-DF9F-4F4B-969F-B5CEAE2C4863}.Debug|ARM.Build.0 = Debug|ARM
		{87908FCE-DF9F-4F4B-969F-B5CEAE2C4863}.Debug|ARM.Deploy.0 = Debug|ARM
		{87908FCE-DF9F-4F4B-969F-B5CEAE2C4863}.Debug|iPhone.ActiveCfg = Debug|x86
		{87908FCE-DF9F-4F4B-969F-B5CEAE2C4863}.Debug|iPhone.Build.0 = Debug|x86
		{87908FCE-DF9F-4F4B-969F-B5CEAE2C4863}.Debug|iPhone.Deploy.0 = Debug|x86
		{87908FCE-DF9F-4F4B-969F-B5CEAE2C4863}.Debug|iPhoneSimulator.ActiveCfg = Debug|x86
		{87908FCE-DF9F-4F4B-969F-B5CEAE2C4863}.Debug|iPhoneSimulator.Build.0 = Debug|x86
		{87908FCE-DF9F-4F4B-969F-B5CEAE2C4863}.Debug|iPhoneSimulator.Deploy.0 = Debug|x86
		{87908FCE-DF9F-4F4B-969F-B5CEAE2C4863}.Debug|x64.ActiveCfg = Debug|x64
		{87908FCE-DF9F-4F4B-969F-B5CEAE2C4863}.Debug|x64.Build.0 = Debug|x64
		{87908FCE-DF9F-4F4B-969F-B5CEAE2C4863}.Debug|x64.Deploy.0 = Debug|x64
		{87908FCE-DF9F-4F4B-969F-B5CEAE2C4863}.Debug|x86.ActiveCfg = Debug|x86
		{87908FCE-DF9F-4F4B-969F-B5CEAE2C4863}.Debug|x86.Build.0 = Debug|x86
		{87908FCE-DF9F-4F4B-969F-B5CEAE2C4863}.Debug|x86.Deploy.0 = Debug|x86
		{87908FCE-DF9F-4F4B-969F-B5CEAE2C4863}.Release|Any CPU.ActiveCfg = Release|x86
		{87908FCE-DF9F-4F4B-969F-B5CEAE2C4863}.Release|Any CPU.Build.0 = Release|x86
		{87908FCE-DF9F-4F4B-969F-B5CEAE2C4863}.Release|Any CPU.Deploy.0 = Release|x86
		{87908FCE-DF9F-4F4B-969F-B5CEAE2C4863}.Release|ARM.ActiveCfg = Release|ARM
		{87908FCE-DF9F-4F4B-969F-B5CEAE2C4863}.Release|ARM.Build.0 = Release|ARM
		{87908FCE-DF9F-4F4B-969F-B5CEAE2C4863}.Release|ARM.Deploy.0 = Release|ARM
		{87908FCE-DF9F-4F4B-969F-B5CEAE2C4863}.Release|iPhone.ActiveCfg = Release|x86
		{87908FCE-DF9F-4F4B-969F-B5CEAE2C4863}.Release|iPhone.Build.0 = Release|x86
		{87908FCE-DF9F-4F4B-969F-B5CEAE2C4863}.Release|iPhone.Deploy.0 = Release|x86
		{87908FCE-DF9F-4F4B-969F-B5CEAE2C4863}.Release|iPhoneSimulator.ActiveCfg = Release|x86
		{87908FCE-DF9F-4F4B-969F-B5CEAE2C4863}.Release|iPhoneSimulator.Build.0 = Release|x86
		{87908FCE-DF9F-4F4B-969F-B5CEAE2C4863}.Release|iPhoneSimulator.Deploy.0 = Release|x86
		{87908FCE-DF9F-4F4B-969F-B5CEAE2C4863}.Release|x64.ActiveCfg = Release|x64
		{87908FCE-DF9F-4F4B-969F-B5CEAE2C4863}.Release|x64.Build.0 = Release|x64
		{87908FCE-DF9F-4F4B-969F-B5CEAE2C4863}.Release|x64.Deploy.0 = Release|x64
		{87908FCE-DF9F-4F4B-969F-B5CEAE2C4863}.Release|x86.ActiveCfg = Release|x86
		{87908FCE-DF9F-4F4B-969F-B5CEAE2C4863}.Release|x86.Build.0 = Release|x86
		{87908FCE-DF9F-4F4B-969F-B5CEAE2C4863}.Release|x86.Deploy.0 = Release|x86
		{55D8E83A-5C6C-49ED-84DA-66583D0000C0}.Ad-Hoc|Any CPU.ActiveCfg = Debug|Any CPU
		{55D8E83A-5C6C-49ED-84DA-66583D0000C0}.Ad-Hoc|Any CPU.Build.0 = Debug|Any CPU
		{55D8E83A-5C6C-49ED-84DA-66583D0000C0}.Ad-Hoc|Any CPU.Deploy.0 = Debug|Any CPU
		{55D8E83A-5C6C-49ED-84DA-66583D0000C0}.Ad-Hoc|ARM.ActiveCfg = Debug|Any CPU
		{55D8E83A-5C6C-49ED-84DA-66583D0000C0}.Ad-Hoc|ARM.Build.0 = Debug|Any CPU
		{55D8E83A-5C6C-49ED-84DA-66583D0000C0}.Ad-Hoc|ARM.Deploy.0 = Debug|Any CPU
		{55D8E83A-5C6C-49ED-84DA-66583D0000C0}.Ad-Hoc|iPhone.ActiveCfg = Debug|Any CPU
		{55D8E83A-5C6C-49ED-84DA-66583D0000C0}.Ad-Hoc|iPhone.Build.0 = Debug|Any CPU
		{55D8E83A-5C6C-49ED-84DA-66583D0000C0}.Ad-Hoc|iPhone.Deploy.0 = Debug|Any CPU
		{55D8E83A-5C6C-49ED-84DA-66583D0000C0}.Ad-Hoc|iPhoneSimulator.ActiveCfg = Debug|Any CPU
		{55D8E83A-5C6C-49ED-84DA-66583D0000C0}.Ad-Hoc|iPhoneSimulator.Build.0 = Debug|Any CPU
		{55D8E83A-5C6C-49ED-84DA-66583D0000C0}.Ad-Hoc|iPhoneSimulator.Deploy.0 = Debug|Any CPU
		{55D8E83A-5C6C-49ED-84DA-66583D0000C0}.Ad-Hoc|x64.ActiveCfg = Debug|Any CPU
		{55D8E83A-5C6C-49ED-84DA-66583D0000C0}.Ad-Hoc|x64.Build.0 = Debug|Any CPU
		{55D8E83A-5C6C-49ED-84DA-66583D0000C0}.Ad-Hoc|x64.Deploy.0 = Debug|Any CPU
		{55D8E83A-5C6C-49ED-84DA-66583D0000C0}.Ad-Hoc|x86.ActiveCfg = Debug|Any CPU
		{55D8E83A-5C6C-49ED-84DA-66583D0000C0}.Ad-Hoc|x86.Build.0 = Debug|Any CPU
		{55D8E83A-5C6C-49ED-84DA-66583D0000C0}.Ad-Hoc|x86.Deploy.0 = Debug|Any CPU
		{55D8E83A-5C6C-49ED-84DA-66583D0000C0}.AppStore|Any CPU.ActiveCfg = Debug|Any CPU
		{55D8E83A-5C6C-49ED-84DA-66583D0000C0}.AppStore|Any CPU.Build.0 = Debug|Any CPU
		{55D8E83A-5C6C-49ED-84DA-66583D0000C0}.AppStore|Any CPU.Deploy.0 = Debug|Any CPU
		{55D8E83A-5C6C-49ED-84DA-66583D0000C0}.AppStore|ARM.ActiveCfg = Debug|Any CPU
		{55D8E83A-5C6C-49ED-84DA-66583D0000C0}.AppStore|ARM.Build.0 = Debug|Any CPU
		{55D8E83A-5C6C-49ED-84DA-66583D0000C0}.AppStore|ARM.Deploy.0 = Debug|Any CPU
		{55D8E83A-5C6C-49ED-84DA-66583D0000C0}.AppStore|iPhone.ActiveCfg = Debug|Any CPU
		{55D8E83A-5C6C-49ED-84DA-66583D0000C0}.AppStore|iPhone.Build.0 = Debug|Any CPU
		{55D8E83A-5C6C-49ED-84DA-66583D0000C0}.AppStore|iPhone.Deploy.0 = Debug|Any CPU
		{55D8E83A-5C6C-49ED-84DA-66583D0000C0}.AppStore|iPhoneSimulator.ActiveCfg = Debug|Any CPU
		{55D8E83A-5C6C-49ED-84DA-66583D0000C0}.AppStore|iPhoneSimulator.Build.0 = Debug|Any CPU
		{55D8E83A-5C6C-49ED-84DA-66583D0000C0}.AppStore|iPhoneSimulator.Deploy.0 = Debug|Any CPU
		{55D8E83A-5C6C-49ED-84DA-66583D0000C0}.AppStore|x64.ActiveCfg = Debug|Any CPU
		{55D8E83A-5C6C-49ED-84DA-66583D0000C0}.AppStore|x64.Build.0 = Debug|Any CPU
		{55D8E83A-5C6C-49ED-84DA-66583D0000C0}.AppStore|x64.Deploy.0 = Debug|Any CPU
		{55D8E83A-5C6C-49ED-84DA-66583D0000C0}.AppStore|x86.ActiveCfg = Debug|Any CPU
		{55D8E83A-5C6C-49ED-84DA-66583D0000C0}.AppStore|x86.Build.0 = Debug|Any CPU
		{55D8E83A-5C6C-49ED-84DA-66583D0000C0}.AppStore|x86.Deploy.0 = Debug|Any CPU
		{55D8E83A-5C6C-49ED-84DA-66583D0000C0}.Debug|Any CPU.ActiveCfg = Debug|Any CPU
		{55D8E83A-5C6C-49ED-84DA-66583D0000C0}.Debug|Any CPU.Build.0 = Debug|Any CPU
		{55D8E83A-5C6C-49ED-84DA-66583D0000C0}.Debug|Any CPU.Deploy.0 = Debug|Any CPU
		{55D8E83A-5C6C-49ED-84DA-66583D0000C0}.Debug|ARM.ActiveCfg = Debug|Any CPU
		{55D8E83A-5C6C-49ED-84DA-66583D0000C0}.Debug|ARM.Build.0 = Debug|Any CPU
		{55D8E83A-5C6C-49ED-84DA-66583D0000C0}.Debug|ARM.Deploy.0 = Debug|Any CPU
		{55D8E83A-5C6C-49ED-84DA-66583D0000C0}.Debug|iPhone.ActiveCfg = Debug|Any CPU
		{55D8E83A-5C6C-49ED-84DA-66583D0000C0}.Debug|iPhone.Build.0 = Debug|Any CPU
		{55D8E83A-5C6C-49ED-84DA-66583D0000C0}.Debug|iPhone.Deploy.0 = Debug|Any CPU
		{55D8E83A-5C6C-49ED-84DA-66583D0000C0}.Debug|iPhoneSimulator.ActiveCfg = Debug|Any CPU
		{55D8E83A-5C6C-49ED-84DA-66583D0000C0}.Debug|iPhoneSimulator.Build.0 = Debug|Any CPU
		{55D8E83A-5C6C-49ED-84DA-66583D0000C0}.Debug|iPhoneSimulator.Deploy.0 = Debug|Any CPU
		{55D8E83A-5C6C-49ED-84DA-66583D0000C0}.Debug|x64.ActiveCfg = Debug|Any CPU
		{55D8E83A-5C6C-49ED-84DA-66583D0000C0}.Debug|x64.Build.0 = Debug|Any CPU
		{55D8E83A-5C6C-49ED-84DA-66583D0000C0}.Debug|x64.Deploy.0 = Debug|Any CPU
		{55D8E83A-5C6C-49ED-84DA-66583D0000C0}.Debug|x86.ActiveCfg = Debug|Any CPU
		{55D8E83A-5C6C-49ED-84DA-66583D0000C0}.Debug|x86.Build.0 = Debug|Any CPU
		{55D8E83A-5C6C-49ED-84DA-66583D0000C0}.Debug|x86.Deploy.0 = Debug|Any CPU
		{55D8E83A-5C6C-49ED-84DA-66583D0000C0}.Release|Any CPU.ActiveCfg = Release|Any CPU
		{55D8E83A-5C6C-49ED-84DA-66583D0000C0}.Release|Any CPU.Build.0 = Release|Any CPU
		{55D8E83A-5C6C-49ED-84DA-66583D0000C0}.Release|Any CPU.Deploy.0 = Release|Any CPU
		{55D8E83A-5C6C-49ED-84DA-66583D0000C0}.Release|ARM.ActiveCfg = Release|Any CPU
		{55D8E83A-5C6C-49ED-84DA-66583D0000C0}.Release|ARM.Build.0 = Release|Any CPU
		{55D8E83A-5C6C-49ED-84DA-66583D0000C0}.Release|ARM.Deploy.0 = Release|Any CPU
		{55D8E83A-5C6C-49ED-84DA-66583D0000C0}.Release|iPhone.ActiveCfg = Release|Any CPU
		{55D8E83A-5C6C-49ED-84DA-66583D0000C0}.Release|iPhone.Build.0 = Release|Any CPU
		{55D8E83A-5C6C-49ED-84DA-66583D0000C0}.Release|iPhone.Deploy.0 = Release|Any CPU
		{55D8E83A-5C6C-49ED-84DA-66583D0000C0}.Release|iPhoneSimulator.ActiveCfg = Release|Any CPU
		{55D8E83A-5C6C-49ED-84DA-66583D0000C0}.Release|iPhoneSimulator.Build.0 = Release|Any CPU
		{55D8E83A-5C6C-49ED-84DA-66583D0000C0}.Release|iPhoneSimulator.Deploy.0 = Release|Any CPU
		{55D8E83A-5C6C-49ED-84DA-66583D0000C0}.Release|x64.ActiveCfg = Release|Any CPU
		{55D8E83A-5C6C-49ED-84DA-66583D0000C0}.Release|x64.Build.0 = Release|Any CPU
		{55D8E83A-5C6C-49ED-84DA-66583D0000C0}.Release|x64.Deploy.0 = Release|Any CPU
		{55D8E83A-5C6C-49ED-84DA-66583D0000C0}.Release|x86.ActiveCfg = Release|Any CPU
		{55D8E83A-5C6C-49ED-84DA-66583D0000C0}.Release|x86.Build.0 = Release|Any CPU
		{55D8E83A-5C6C-49ED-84DA-66583D0000C0}.Release|x86.Deploy.0 = Release|Any CPU
		{38A391D1-144D-41BC-97FB-D12DDD5CC129}.Ad-Hoc|Any CPU.ActiveCfg = Release|Any CPU
		{38A391D1-144D-41BC-97FB-D12DDD5CC129}.Ad-Hoc|Any CPU.Build.0 = Release|Any CPU
		{38A391D1-144D-41BC-97FB-D12DDD5CC129}.Ad-Hoc|ARM.ActiveCfg = Release|Any CPU
		{38A391D1-144D-41BC-97FB-D12DDD5CC129}.Ad-Hoc|ARM.Build.0 = Release|Any CPU
		{38A391D1-144D-41BC-97FB-D12DDD5CC129}.Ad-Hoc|iPhone.ActiveCfg = Release|Any CPU
		{38A391D1-144D-41BC-97FB-D12DDD5CC129}.Ad-Hoc|iPhone.Build.0 = Release|Any CPU
		{38A391D1-144D-41BC-97FB-D12DDD5CC129}.Ad-Hoc|iPhoneSimulator.ActiveCfg = Release|Any CPU
		{38A391D1-144D-41BC-97FB-D12DDD5CC129}.Ad-Hoc|iPhoneSimulator.Build.0 = Release|Any CPU
		{38A391D1-144D-41BC-97FB-D12DDD5CC129}.Ad-Hoc|x64.ActiveCfg = Release|Any CPU
		{38A391D1-144D-41BC-97FB-D12DDD5CC129}.Ad-Hoc|x64.Build.0 = Release|Any CPU
		{38A391D1-144D-41BC-97FB-D12DDD5CC129}.Ad-Hoc|x86.ActiveCfg = Release|Any CPU
		{38A391D1-144D-41BC-97FB-D12DDD5CC129}.Ad-Hoc|x86.Build.0 = Release|Any CPU
		{38A391D1-144D-41BC-97FB-D12DDD5CC129}.AppStore|Any CPU.ActiveCfg = Release|Any CPU
		{38A391D1-144D-41BC-97FB-D12DDD5CC129}.AppStore|Any CPU.Build.0 = Release|Any CPU
		{38A391D1-144D-41BC-97FB-D12DDD5CC129}.AppStore|ARM.ActiveCfg = Release|Any CPU
		{38A391D1-144D-41BC-97FB-D12DDD5CC129}.AppStore|ARM.Build.0 = Release|Any CPU
		{38A391D1-144D-41BC-97FB-D12DDD5CC129}.AppStore|iPhone.ActiveCfg = Release|Any CPU
		{38A391D1-144D-41BC-97FB-D12DDD5CC129}.AppStore|iPhone.Build.0 = Release|Any CPU
		{38A391D1-144D-41BC-97FB-D12DDD5CC129}.AppStore|iPhoneSimulator.ActiveCfg = Release|Any CPU
		{38A391D1-144D-41BC-97FB-D12DDD5CC129}.AppStore|iPhoneSimulator.Build.0 = Release|Any CPU
		{38A391D1-144D-41BC-97FB-D12DDD5CC129}.AppStore|x64.ActiveCfg = Release|Any CPU
		{38A391D1-144D-41BC-97FB-D12DDD5CC129}.AppStore|x64.Build.0 = Release|Any CPU
		{38A391D1-144D-41BC-97FB-D12DDD5CC129}.AppStore|x86.ActiveCfg = Release|Any CPU
		{38A391D1-144D-41BC-97FB-D12DDD5CC129}.AppStore|x86.Build.0 = Release|Any CPU
		{38A391D1-144D-41BC-97FB-D12DDD5CC129}.Debug|Any CPU.ActiveCfg = Debug|Any CPU
		{38A391D1-144D-41BC-97FB-D12DDD5CC129}.Debug|Any CPU.Build.0 = Debug|Any CPU
		{38A391D1-144D-41BC-97FB-D12DDD5CC129}.Debug|ARM.ActiveCfg = Debug|Any CPU
		{38A391D1-144D-41BC-97FB-D12DDD5CC129}.Debug|ARM.Build.0 = Debug|Any CPU
		{38A391D1-144D-41BC-97FB-D12DDD5CC129}.Debug|iPhone.ActiveCfg = Debug|Any CPU
		{38A391D1-144D-41BC-97FB-D12DDD5CC129}.Debug|iPhone.Build.0 = Debug|Any CPU
		{38A391D1-144D-41BC-97FB-D12DDD5CC129}.Debug|iPhoneSimulator.ActiveCfg = Debug|Any CPU
		{38A391D1-144D-41BC-97FB-D12DDD5CC129}.Debug|iPhoneSimulator.Build.0 = Debug|Any CPU
		{38A391D1-144D-41BC-97FB-D12DDD5CC129}.Debug|x64.ActiveCfg = Debug|Any CPU
		{38A391D1-144D-41BC-97FB-D12DDD5CC129}.Debug|x64.Build.0 = Debug|Any CPU
		{38A391D1-144D-41BC-97FB-D12DDD5CC129}.Debug|x86.ActiveCfg = Debug|Any CPU
		{38A391D1-144D-41BC-97FB-D12DDD5CC129}.Debug|x86.Build.0 = Debug|Any CPU
		{38A391D1-144D-41BC-97FB-D12DDD5CC129}.Release|Any CPU.ActiveCfg = Release|Any CPU
		{38A391D1-144D-41BC-97FB-D12DDD5CC129}.Release|Any CPU.Build.0 = Release|Any CPU
		{38A391D1-144D-41BC-97FB-D12DDD5CC129}.Release|ARM.ActiveCfg = Release|Any CPU
		{38A391D1-144D-41BC-97FB-D12DDD5CC129}.Release|ARM.Build.0 = Release|Any CPU
		{38A391D1-144D-41BC-97FB-D12DDD5CC129}.Release|iPhone.ActiveCfg = Release|Any CPU
		{38A391D1-144D-41BC-97FB-D12DDD5CC129}.Release|iPhone.Build.0 = Release|Any CPU
		{38A391D1-144D-41BC-97FB-D12DDD5CC129}.Release|iPhoneSimulator.ActiveCfg = Release|Any CPU
		{38A391D1-144D-41BC-97FB-D12DDD5CC129}.Release|iPhoneSimulator.Build.0 = Release|Any CPU
		{38A391D1-144D-41BC-97FB-D12DDD5CC129}.Release|x64.ActiveCfg = Release|Any CPU
		{38A391D1-144D-41BC-97FB-D12DDD5CC129}.Release|x64.Build.0 = Release|Any CPU
		{38A391D1-144D-41BC-97FB-D12DDD5CC129}.Release|x86.ActiveCfg = Release|Any CPU
		{38A391D1-144D-41BC-97FB-D12DDD5CC129}.Release|x86.Build.0 = Release|Any CPU
		{64CF1945-435F-4454-ABDF-01AE50ABA3B1}.Ad-Hoc|Any CPU.ActiveCfg = Release|Any CPU
		{64CF1945-435F-4454-ABDF-01AE50ABA3B1}.Ad-Hoc|Any CPU.Build.0 = Release|Any CPU
		{64CF1945-435F-4454-ABDF-01AE50ABA3B1}.Ad-Hoc|ARM.ActiveCfg = Release|Any CPU
		{64CF1945-435F-4454-ABDF-01AE50ABA3B1}.Ad-Hoc|ARM.Build.0 = Release|Any CPU
		{64CF1945-435F-4454-ABDF-01AE50ABA3B1}.Ad-Hoc|iPhone.ActiveCfg = Release|Any CPU
		{64CF1945-435F-4454-ABDF-01AE50ABA3B1}.Ad-Hoc|iPhone.Build.0 = Release|Any CPU
		{64CF1945-435F-4454-ABDF-01AE50ABA3B1}.Ad-Hoc|iPhoneSimulator.ActiveCfg = Release|Any CPU
		{64CF1945-435F-4454-ABDF-01AE50ABA3B1}.Ad-Hoc|iPhoneSimulator.Build.0 = Release|Any CPU
		{64CF1945-435F-4454-ABDF-01AE50ABA3B1}.Ad-Hoc|x64.ActiveCfg = Release|Any CPU
		{64CF1945-435F-4454-ABDF-01AE50ABA3B1}.Ad-Hoc|x64.Build.0 = Release|Any CPU
		{64CF1945-435F-4454-ABDF-01AE50ABA3B1}.Ad-Hoc|x86.ActiveCfg = Release|Any CPU
		{64CF1945-435F-4454-ABDF-01AE50ABA3B1}.Ad-Hoc|x86.Build.0 = Release|Any CPU
		{64CF1945-435F-4454-ABDF-01AE50ABA3B1}.AppStore|Any CPU.ActiveCfg = Release|Any CPU
		{64CF1945-435F-4454-ABDF-01AE50ABA3B1}.AppStore|Any CPU.Build.0 = Release|Any CPU
		{64CF1945-435F-4454-ABDF-01AE50ABA3B1}.AppStore|ARM.ActiveCfg = Release|Any CPU
		{64CF1945-435F-4454-ABDF-01AE50ABA3B1}.AppStore|ARM.Build.0 = Release|Any CPU
		{64CF1945-435F-4454-ABDF-01AE50ABA3B1}.AppStore|iPhone.ActiveCfg = Release|Any CPU
		{64CF1945-435F-4454-ABDF-01AE50ABA3B1}.AppStore|iPhone.Build.0 = Release|Any CPU
		{64CF1945-435F-4454-ABDF-01AE50ABA3B1}.AppStore|iPhoneSimulator.ActiveCfg = Release|Any CPU
		{64CF1945-435F-4454-ABDF-01AE50ABA3B1}.AppStore|iPhoneSimulator.Build.0 = Release|Any CPU
		{64CF1945-435F-4454-ABDF-01AE50ABA3B1}.AppStore|x64.ActiveCfg = Release|Any CPU
		{64CF1945-435F-4454-ABDF-01AE50ABA3B1}.AppStore|x64.Build.0 = Release|Any CPU
		{64CF1945-435F-4454-ABDF-01AE50ABA3B1}.AppStore|x86.ActiveCfg = Release|Any CPU
		{64CF1945-435F-4454-ABDF-01AE50ABA3B1}.AppStore|x86.Build.0 = Release|Any CPU
		{64CF1945-435F-4454-ABDF-01AE50ABA3B1}.Debug|Any CPU.ActiveCfg = Debug|Any CPU
		{64CF1945-435F-4454-ABDF-01AE50ABA3B1}.Debug|Any CPU.Build.0 = Debug|Any CPU
		{64CF1945-435F-4454-ABDF-01AE50ABA3B1}.Debug|ARM.ActiveCfg = Debug|Any CPU
		{64CF1945-435F-4454-ABDF-01AE50ABA3B1}.Debug|ARM.Build.0 = Debug|Any CPU
		{64CF1945-435F-4454-ABDF-01AE50ABA3B1}.Debug|iPhone.ActiveCfg = Debug|Any CPU
		{64CF1945-435F-4454-ABDF-01AE50ABA3B1}.Debug|iPhone.Build.0 = Debug|Any CPU
		{64CF1945-435F-4454-ABDF-01AE50ABA3B1}.Debug|iPhoneSimulator.ActiveCfg = Debug|Any CPU
		{64CF1945-435F-4454-ABDF-01AE50ABA3B1}.Debug|iPhoneSimulator.Build.0 = Debug|Any CPU
		{64CF1945-435F-4454-ABDF-01AE50ABA3B1}.Debug|x64.ActiveCfg = Debug|Any CPU
		{64CF1945-435F-4454-ABDF-01AE50ABA3B1}.Debug|x64.Build.0 = Debug|Any CPU
		{64CF1945-435F-4454-ABDF-01AE50ABA3B1}.Debug|x86.ActiveCfg = Debug|Any CPU
		{64CF1945-435F-4454-ABDF-01AE50ABA3B1}.Debug|x86.Build.0 = Debug|Any CPU
		{64CF1945-435F-4454-ABDF-01AE50ABA3B1}.Release|Any CPU.ActiveCfg = Release|Any CPU
		{64CF1945-435F-4454-ABDF-01AE50ABA3B1}.Release|Any CPU.Build.0 = Release|Any CPU
		{64CF1945-435F-4454-ABDF-01AE50ABA3B1}.Release|ARM.ActiveCfg = Release|Any CPU
		{64CF1945-435F-4454-ABDF-01AE50ABA3B1}.Release|ARM.Build.0 = Release|Any CPU
		{64CF1945-435F-4454-ABDF-01AE50ABA3B1}.Release|iPhone.ActiveCfg = Release|Any CPU
		{64CF1945-435F-4454-ABDF-01AE50ABA3B1}.Release|iPhone.Build.0 = Release|Any CPU
		{64CF1945-435F-4454-ABDF-01AE50ABA3B1}.Release|iPhoneSimulator.ActiveCfg = Release|Any CPU
		{64CF1945-435F-4454-ABDF-01AE50ABA3B1}.Release|iPhoneSimulator.Build.0 = Release|Any CPU
		{64CF1945-435F-4454-ABDF-01AE50ABA3B1}.Release|x64.ActiveCfg = Release|Any CPU
		{64CF1945-435F-4454-ABDF-01AE50ABA3B1}.Release|x64.Build.0 = Release|Any CPU
		{64CF1945-435F-4454-ABDF-01AE50ABA3B1}.Release|x86.ActiveCfg = Release|Any CPU
		{64CF1945-435F-4454-ABDF-01AE50ABA3B1}.Release|x86.Build.0 = Release|Any CPU
		{2446C83A-DBF2-40E4-A3D4-9493D6B9AE9E}.Ad-Hoc|Any CPU.ActiveCfg = Release|Any CPU
		{2446C83A-DBF2-40E4-A3D4-9493D6B9AE9E}.Ad-Hoc|Any CPU.Build.0 = Release|Any CPU
		{2446C83A-DBF2-40E4-A3D4-9493D6B9AE9E}.Ad-Hoc|ARM.ActiveCfg = Release|Any CPU
		{2446C83A-DBF2-40E4-A3D4-9493D6B9AE9E}.Ad-Hoc|ARM.Build.0 = Release|Any CPU
		{2446C83A-DBF2-40E4-A3D4-9493D6B9AE9E}.Ad-Hoc|iPhone.ActiveCfg = Release|Any CPU
		{2446C83A-DBF2-40E4-A3D4-9493D6B9AE9E}.Ad-Hoc|iPhone.Build.0 = Release|Any CPU
		{2446C83A-DBF2-40E4-A3D4-9493D6B9AE9E}.Ad-Hoc|iPhoneSimulator.ActiveCfg = Release|Any CPU
		{2446C83A-DBF2-40E4-A3D4-9493D6B9AE9E}.Ad-Hoc|iPhoneSimulator.Build.0 = Release|Any CPU
		{2446C83A-DBF2-40E4-A3D4-9493D6B9AE9E}.Ad-Hoc|x64.ActiveCfg = Release|Any CPU
		{2446C83A-DBF2-40E4-A3D4-9493D6B9AE9E}.Ad-Hoc|x64.Build.0 = Release|Any CPU
		{2446C83A-DBF2-40E4-A3D4-9493D6B9AE9E}.Ad-Hoc|x86.ActiveCfg = Release|Any CPU
		{2446C83A-DBF2-40E4-A3D4-9493D6B9AE9E}.Ad-Hoc|x86.Build.0 = Release|Any CPU
		{2446C83A-DBF2-40E4-A3D4-9493D6B9AE9E}.AppStore|Any CPU.ActiveCfg = Release|Any CPU
		{2446C83A-DBF2-40E4-A3D4-9493D6B9AE9E}.AppStore|Any CPU.Build.0 = Release|Any CPU
		{2446C83A-DBF2-40E4-A3D4-9493D6B9AE9E}.AppStore|ARM.ActiveCfg = Release|Any CPU
		{2446C83A-DBF2-40E4-A3D4-9493D6B9AE9E}.AppStore|ARM.Build.0 = Release|Any CPU
		{2446C83A-DBF2-40E4-A3D4-9493D6B9AE9E}.AppStore|iPhone.ActiveCfg = Release|Any CPU
		{2446C83A-DBF2-40E4-A3D4-9493D6B9AE9E}.AppStore|iPhone.Build.0 = Release|Any CPU
		{2446C83A-DBF2-40E4-A3D4-9493D6B9AE9E}.AppStore|iPhoneSimulator.ActiveCfg = Release|Any CPU
		{2446C83A-DBF2-40E4-A3D4-9493D6B9AE9E}.AppStore|iPhoneSimulator.Build.0 = Release|Any CPU
		{2446C83A-DBF2-40E4-A3D4-9493D6B9AE9E}.AppStore|x64.ActiveCfg = Release|Any CPU
		{2446C83A-DBF2-40E4-A3D4-9493D6B9AE9E}.AppStore|x64.Build.0 = Release|Any CPU
		{2446C83A-DBF2-40E4-A3D4-9493D6B9AE9E}.AppStore|x86.ActiveCfg = Release|Any CPU
		{2446C83A-DBF2-40E4-A3D4-9493D6B9AE9E}.AppStore|x86.Build.0 = Release|Any CPU
		{2446C83A-DBF2-40E4-A3D4-9493D6B9AE9E}.Debug|Any CPU.ActiveCfg = Debug|Any CPU
		{2446C83A-DBF2-40E4-A3D4-9493D6B9AE9E}.Debug|Any CPU.Build.0 = Debug|Any CPU
		{2446C83A-DBF2-40E4-A3D4-9493D6B9AE9E}.Debug|ARM.ActiveCfg = Debug|Any CPU
		{2446C83A-DBF2-40E4-A3D4-9493D6B9AE9E}.Debug|ARM.Build.0 = Debug|Any CPU
		{2446C83A-DBF2-40E4-A3D4-9493D6B9AE9E}.Debug|iPhone.ActiveCfg = Debug|Any CPU
		{2446C83A-DBF2-40E4-A3D4-9493D6B9AE9E}.Debug|iPhone.Build.0 = Debug|Any CPU
		{2446C83A-DBF2-40E4-A3D4-9493D6B9AE9E}.Debug|iPhoneSimulator.ActiveCfg = Debug|Any CPU
		{2446C83A-DBF2-40E4-A3D4-9493D6B9AE9E}.Debug|iPhoneSimulator.Build.0 = Debug|Any CPU
		{2446C83A-DBF2-40E4-A3D4-9493D6B9AE9E}.Debug|x64.ActiveCfg = Debug|Any CPU
		{2446C83A-DBF2-40E4-A3D4-9493D6B9AE9E}.Debug|x64.Build.0 = Debug|Any CPU
		{2446C83A-DBF2-40E4-A3D4-9493D6B9AE9E}.Debug|x86.ActiveCfg = Debug|Any CPU
		{2446C83A-DBF2-40E4-A3D4-9493D6B9AE9E}.Debug|x86.Build.0 = Debug|Any CPU
		{2446C83A-DBF2-40E4-A3D4-9493D6B9AE9E}.Release|Any CPU.ActiveCfg = Release|Any CPU
		{2446C83A-DBF2-40E4-A3D4-9493D6B9AE9E}.Release|Any CPU.Build.0 = Release|Any CPU
		{2446C83A-DBF2-40E4-A3D4-9493D6B9AE9E}.Release|ARM.ActiveCfg = Release|Any CPU
		{2446C83A-DBF2-40E4-A3D4-9493D6B9AE9E}.Release|ARM.Build.0 = Release|Any CPU
		{2446C83A-DBF2-40E4-A3D4-9493D6B9AE9E}.Release|iPhone.ActiveCfg = Release|Any CPU
		{2446C83A-DBF2-40E4-A3D4-9493D6B9AE9E}.Release|iPhone.Build.0 = Release|Any CPU
		{2446C83A-DBF2-40E4-A3D4-9493D6B9AE9E}.Release|iPhoneSimulator.ActiveCfg = Release|Any CPU
		{2446C83A-DBF2-40E4-A3D4-9493D6B9AE9E}.Release|iPhoneSimulator.Build.0 = Release|Any CPU
		{2446C83A-DBF2-40E4-A3D4-9493D6B9AE9E}.Release|x64.ActiveCfg = Release|Any CPU
		{2446C83A-DBF2-40E4-A3D4-9493D6B9AE9E}.Release|x64.Build.0 = Release|Any CPU
		{2446C83A-DBF2-40E4-A3D4-9493D6B9AE9E}.Release|x86.ActiveCfg = Release|Any CPU
		{2446C83A-DBF2-40E4-A3D4-9493D6B9AE9E}.Release|x86.Build.0 = Release|Any CPU
		{66935C79-FD8F-40FF-BCFE-7FC12D191294}.Ad-Hoc|Any CPU.ActiveCfg = Release|Any CPU
		{66935C79-FD8F-40FF-BCFE-7FC12D191294}.Ad-Hoc|Any CPU.Build.0 = Release|Any CPU
		{66935C79-FD8F-40FF-BCFE-7FC12D191294}.Ad-Hoc|ARM.ActiveCfg = Release|Any CPU
		{66935C79-FD8F-40FF-BCFE-7FC12D191294}.Ad-Hoc|ARM.Build.0 = Release|Any CPU
		{66935C79-FD8F-40FF-BCFE-7FC12D191294}.Ad-Hoc|iPhone.ActiveCfg = Release|Any CPU
		{66935C79-FD8F-40FF-BCFE-7FC12D191294}.Ad-Hoc|iPhone.Build.0 = Release|Any CPU
		{66935C79-FD8F-40FF-BCFE-7FC12D191294}.Ad-Hoc|iPhoneSimulator.ActiveCfg = Release|Any CPU
		{66935C79-FD8F-40FF-BCFE-7FC12D191294}.Ad-Hoc|iPhoneSimulator.Build.0 = Release|Any CPU
		{66935C79-FD8F-40FF-BCFE-7FC12D191294}.Ad-Hoc|x64.ActiveCfg = Release|Any CPU
		{66935C79-FD8F-40FF-BCFE-7FC12D191294}.Ad-Hoc|x64.Build.0 = Release|Any CPU
		{66935C79-FD8F-40FF-BCFE-7FC12D191294}.Ad-Hoc|x86.ActiveCfg = Release|Any CPU
		{66935C79-FD8F-40FF-BCFE-7FC12D191294}.Ad-Hoc|x86.Build.0 = Release|Any CPU
		{66935C79-FD8F-40FF-BCFE-7FC12D191294}.AppStore|Any CPU.ActiveCfg = Release|Any CPU
		{66935C79-FD8F-40FF-BCFE-7FC12D191294}.AppStore|Any CPU.Build.0 = Release|Any CPU
		{66935C79-FD8F-40FF-BCFE-7FC12D191294}.AppStore|ARM.ActiveCfg = Release|Any CPU
		{66935C79-FD8F-40FF-BCFE-7FC12D191294}.AppStore|ARM.Build.0 = Release|Any CPU
		{66935C79-FD8F-40FF-BCFE-7FC12D191294}.AppStore|iPhone.ActiveCfg = Release|Any CPU
		{66935C79-FD8F-40FF-BCFE-7FC12D191294}.AppStore|iPhone.Build.0 = Release|Any CPU
		{66935C79-FD8F-40FF-BCFE-7FC12D191294}.AppStore|iPhoneSimulator.ActiveCfg = Release|Any CPU
		{66935C79-FD8F-40FF-BCFE-7FC12D191294}.AppStore|iPhoneSimulator.Build.0 = Release|Any CPU
		{66935C79-FD8F-40FF-BCFE-7FC12D191294}.AppStore|x64.ActiveCfg = Release|Any CPU
		{66935C79-FD8F-40FF-BCFE-7FC12D191294}.AppStore|x64.Build.0 = Release|Any CPU
		{66935C79-FD8F-40FF-BCFE-7FC12D191294}.AppStore|x86.ActiveCfg = Release|Any CPU
		{66935C79-FD8F-40FF-BCFE-7FC12D191294}.AppStore|x86.Build.0 = Release|Any CPU
		{66935C79-FD8F-40FF-BCFE-7FC12D191294}.Debug|Any CPU.ActiveCfg = Debug|Any CPU
		{66935C79-FD8F-40FF-BCFE-7FC12D191294}.Debug|Any CPU.Build.0 = Debug|Any CPU
		{66935C79-FD8F-40FF-BCFE-7FC12D191294}.Debug|ARM.ActiveCfg = Debug|Any CPU
		{66935C79-FD8F-40FF-BCFE-7FC12D191294}.Debug|ARM.Build.0 = Debug|Any CPU
		{66935C79-FD8F-40FF-BCFE-7FC12D191294}.Debug|iPhone.ActiveCfg = Debug|Any CPU
		{66935C79-FD8F-40FF-BCFE-7FC12D191294}.Debug|iPhone.Build.0 = Debug|Any CPU
		{66935C79-FD8F-40FF-BCFE-7FC12D191294}.Debug|iPhoneSimulator.ActiveCfg = Debug|Any CPU
		{66935C79-FD8F-40FF-BCFE-7FC12D191294}.Debug|iPhoneSimulator.Build.0 = Debug|Any CPU
		{66935C79-FD8F-40FF-BCFE-7FC12D191294}.Debug|x64.ActiveCfg = Debug|Any CPU
		{66935C79-FD8F-40FF-BCFE-7FC12D191294}.Debug|x64.Build.0 = Debug|Any CPU
		{66935C79-FD8F-40FF-BCFE-7FC12D191294}.Debug|x86.ActiveCfg = Debug|Any CPU
		{66935C79-FD8F-40FF-BCFE-7FC12D191294}.Debug|x86.Build.0 = Debug|Any CPU
		{66935C79-FD8F-40FF-BCFE-7FC12D191294}.Release|Any CPU.ActiveCfg = Release|Any CPU
		{66935C79-FD8F-40FF-BCFE-7FC12D191294}.Release|Any CPU.Build.0 = Release|Any CPU
		{66935C79-FD8F-40FF-BCFE-7FC12D191294}.Release|ARM.ActiveCfg = Release|Any CPU
		{66935C79-FD8F-40FF-BCFE-7FC12D191294}.Release|ARM.Build.0 = Release|Any CPU
		{66935C79-FD8F-40FF-BCFE-7FC12D191294}.Release|iPhone.ActiveCfg = Release|Any CPU
		{66935C79-FD8F-40FF-BCFE-7FC12D191294}.Release|iPhone.Build.0 = Release|Any CPU
		{66935C79-FD8F-40FF-BCFE-7FC12D191294}.Release|iPhoneSimulator.ActiveCfg = Release|Any CPU
		{66935C79-FD8F-40FF-BCFE-7FC12D191294}.Release|iPhoneSimulator.Build.0 = Release|Any CPU
		{66935C79-FD8F-40FF-BCFE-7FC12D191294}.Release|x64.ActiveCfg = Release|Any CPU
		{66935C79-FD8F-40FF-BCFE-7FC12D191294}.Release|x64.Build.0 = Release|Any CPU
		{66935C79-FD8F-40FF-BCFE-7FC12D191294}.Release|x86.ActiveCfg = Release|Any CPU
		{66935C79-FD8F-40FF-BCFE-7FC12D191294}.Release|x86.Build.0 = Release|Any CPU
	EndGlobalSection
	GlobalSection(SolutionProperties) = preSolution
		HideSolutionNode = FALSE
	EndGlobalSection
	GlobalSection(ExtensibilityGlobals) = postSolution
		SolutionGuid = {B370185A-75F8-436B-A9E8-B8B141154E1A}
	EndGlobalSection
EndGlobal
